
Microsoft Visual Studio Solution File, Format Version 12.00
# Visual Studio Version 17
VisualStudioVersion = 17.0.31919.166
MinimumVisualStudioVersion = 10.0.40219.1
Project("{9A19103F-16F7-4668-BE54-9A1E7A4F7556}") = "FeatureFlags", "src\FeatureFlags\FeatureFlags.csproj", "{A5E5C5C1-1234-5678-9ABC-DEF0123456AB}"
EndProject
Project("{9A19103F-16F7-4668-BE54-9A1E7A4F7556}") = "FeatureFlags.Tests", "src\FeatureFlags.Tests\FeatureFlags.Tests.csproj", "{B6F6D6D2-2345-6789-0BCD-EF01234567BC}"
EndProject
Global
	GlobalSection(SolutionConfigurationPlatforms) = preSolution
		Debug|Any CPU = Debug|Any CPU
		Release|Any CPU = Release|Any CPU
	EndGlobalSection
	GlobalSection(ProjectConfigurationPlatforms) = postSolution
		{A5E5C5C1-1234-5678-9ABC-DEF0123456AB}.Debug|Any CPU.ActiveCfg = Debug|Any CPU
		{A5E5C5C1-1234-5678-9ABC-DEF0123456AB}.Debug|Any CPU.Build.0 = Debug|Any CPU
		{A5E5C5C1-1234-5678-9ABC-DEF0123456AB}.Release|Any CPU.ActiveCfg = Release|Any CPU
		{A5E5C5C1-1234-5678-9ABC-DEF0123456AB}.Release|Any CPU.Build.0 = Release|Any CPU
		{B6F6D6D2-2345-6789-0BCD-EF01234567BC}.Debug|Any CPU.ActiveCfg = Debug|Any CPU
		{B6F6D6D2-2345-6789-0BCD-EF01234567BC}.Debug|Any CPU.Build.0 = Debug|Any CPU
		{B6F6D6D2-2345-6789-0BCD-EF01234567BC}.Release|Any CPU.ActiveCfg = Release|Any CPU
		{B6F6D6D2-2345-6789-0BCD-EF01234567BC}.Release|Any CPU.Build.0 = Release|Any CPU
	EndGlobalSection
EndGlobal
